
Microsoft Visual Studio Solution File, Format Version 12.00
# Visual Studio Version 16
VisualStudioVersion = 16.0.30320.27
MinimumVisualStudioVersion = 15.0.26124.0
Project("{2150E333-8FDC-42A3-9474-1A3956D46DE8}") = "_project", "_project", "{625E3CAC-600B-450D-BF54-E3059450591A}"
	ProjectSection(SolutionItems) = preProject
		build.cmd = build.cmd
		build.fsx = build.fsx
		build.sh = build.sh
		.config\dotnet-tools.json = .config\dotnet-tools.json
		global.json = global.json
		dev\Properties\launchSettings.json = dev\Properties\launchSettings.json
		README.md = README.md
		RELEASE_NOTES.md = RELEASE_NOTES.md
	EndProjectSection
EndProject
Project("{6EC3EE1D-3C4E-46DD-8F32-0CC8E7565705}") = "Dash.NET", "src\Dash.NET\Dash.NET.fsproj", "{DC0359E0-7CC2-42B7-88DE-60C6ACAB0451}"
EndProject
Project("{6EC3EE1D-3C4E-46DD-8F32-0CC8E7565705}") = "Dash.NET.Dev", "dev\Dash.NET.Dev.fsproj", "{F0897969-9701-4EAB-AEFF-5F5291D32014}"
EndProject
Project("{2150E333-8FDC-42A3-9474-1A3956D46DE8}") = "tests", "tests", "{8531DA15-1690-4671-8741-89C4953163C6}"
EndProject
Project("{6EC3EE1D-3C4E-46DD-8F32-0CC8E7565705}") = "Dash.NET.Tests", "tests\Dash.NET.Tests\Dash.NET.Tests.fsproj", "{ECDBA25E-39B4-4C59-B665-0695F50A51BF}"
EndProject
Project("{2150E333-8FDC-42A3-9474-1A3956D46DE8}") = "docs", "docs", "{420D4858-5F4C-45FE-BD17-818FDB1E94ED}"
	ProjectSection(SolutionItems) = preProject
		docs\_template.html = docs\_template.html
		docs\_template.ipynb = docs\_template.ipynb
		index.fsx = index.fsx
		docs\index.md = docs\index.md
	EndProjectSection
EndProject
Project("{2150E333-8FDC-42A3-9474-1A3956D46DE8}") = "img", "img", "{EBDFED69-A812-46BC-80E8-5D7DCFED71FE}"
	ProjectSection(SolutionItems) = preProject
		docs\img\callback.gif = docs\img\callback.gif
		docs\img\favicon.ico = docs\img\favicon.ico
		docs\img\hello-graph.png = docs\img\hello-graph.png
		docs\img\hello-world-bulma.png = docs\img\hello-world-bulma.png
		docs\img\hello-world-green.png = docs\img\hello-world-green.png
		docs\img\hello-world.png = docs\img\hello-world.png
		docs\img\logo.png = docs\img\logo.png
		docs\img\logo_title.svg = docs\img\logo_title.svg
		docs\img\state.gif = docs\img\state.gif
	EndProjectSection
EndProject
Project("{2150E333-8FDC-42A3-9474-1A3956D46DE8}") = "reference", "reference", "{C93A091D-58DB-4896-A9DA-1016011A6494}"
	ProjectSection(SolutionItems) = preProject
		docs\reference\_template.html = docs\reference\_template.html
	EndProjectSection
EndProject
Project("{2150E333-8FDC-42A3-9474-1A3956D46DE8}") = "content", "content", "{ED23F221-EFE6-4538-BEA2-A6A4F806FDDF}"
	ProjectSection(SolutionItems) = preProject
		docs\content\fsdocs-custom.css = docs\content\fsdocs-custom.css
	EndProjectSection
EndProject
Project("{6EC3EE1D-3C4E-46DD-8F32-0CC8E7565705}") = "Dash.NET.ComponentGeneration", "src\Dash.NET.ComponentGeneration\Dash.NET.ComponentGeneration.fsproj", "{8451791C-0654-441A-AF7C-0E0C5B097113}"
EndProject
Project("{6EC3EE1D-3C4E-46DD-8F32-0CC8E7565705}") = "Dash.NET.ComponentGeneration.Tests", "tests\Dash.NET.ComponentGeneration.Tests\Dash.NET.ComponentGeneration.Tests.fsproj", "{0F230F90-C64E-4CAA-8B6D-A27353375D56}"
EndProject
Project("{6EC3EE1D-3C4E-46DD-8F32-0CC8E7565705}") = "Dash.NET.Suave", "src\Dash.NET.Suave\Dash.NET.Suave.fsproj", "{6FF28D2B-F6D6-4BC2-8446-53C66065B3EC}"
EndProject
Project("{6EC3EE1D-3C4E-46DD-8F32-0CC8E7565705}") = "Dash.NET.Giraffe", "src\Dash.NET.Giraffe\Dash.NET.Giraffe.fsproj", "{0FD6384A-19BD-4CF9-8A14-FA5008734024}"
EndProject
Project("{6EC3EE1D-3C4E-46DD-8F32-0CC8E7565705}") = "Dash.NET.Suave.Example", "examples\Dash.NET.Suave.Example\Dash.NET.Suave.Example.fsproj", "{37F6EACC-A7BE-48BF-815B-5E6D2EA6E728}"
EndProject
Project("{6EC3EE1D-3C4E-46DD-8F32-0CC8E7565705}") = "Dash.NET.Giraffe.Example", "examples\Dash.NET.Giraffe.Example\Dash.NET.Giraffe.Example.fsproj", "{41D83E3B-EF7E-41F3-BB1C-CA963F172BB2}"
EndProject
Project("{FAE04EC0-301F-11D3-BF4B-00C04F79EFBC}") = "Dash.NET.Giraffe.CSharp.Example", "Dash.NET.Giraffe.CSharp.Example\Dash.NET.Giraffe.CSharp.Example.csproj", "{48116284-A49D-45FC-AB39-73BCF62E4CC5}"
EndProject
Global
	GlobalSection(SolutionConfigurationPlatforms) = preSolution
		Debug|Any CPU = Debug|Any CPU
		Debug|x64 = Debug|x64
		Debug|x86 = Debug|x86
		Release|Any CPU = Release|Any CPU
		Release|x64 = Release|x64
		Release|x86 = Release|x86
	EndGlobalSection
	GlobalSection(ProjectConfigurationPlatforms) = postSolution
		{DC0359E0-7CC2-42B7-88DE-60C6ACAB0451}.Debug|Any CPU.ActiveCfg = Debug|Any CPU
		{DC0359E0-7CC2-42B7-88DE-60C6ACAB0451}.Debug|Any CPU.Build.0 = Debug|Any CPU
		{DC0359E0-7CC2-42B7-88DE-60C6ACAB0451}.Debug|x64.ActiveCfg = Debug|Any CPU
		{DC0359E0-7CC2-42B7-88DE-60C6ACAB0451}.Debug|x64.Build.0 = Debug|Any CPU
		{DC0359E0-7CC2-42B7-88DE-60C6ACAB0451}.Debug|x86.ActiveCfg = Debug|Any CPU
		{DC0359E0-7CC2-42B7-88DE-60C6ACAB0451}.Debug|x86.Build.0 = Debug|Any CPU
		{DC0359E0-7CC2-42B7-88DE-60C6ACAB0451}.Release|Any CPU.ActiveCfg = Release|Any CPU
		{DC0359E0-7CC2-42B7-88DE-60C6ACAB0451}.Release|Any CPU.Build.0 = Release|Any CPU
		{DC0359E0-7CC2-42B7-88DE-60C6ACAB0451}.Release|x64.ActiveCfg = Release|Any CPU
		{DC0359E0-7CC2-42B7-88DE-60C6ACAB0451}.Release|x64.Build.0 = Release|Any CPU
		{DC0359E0-7CC2-42B7-88DE-60C6ACAB0451}.Release|x86.ActiveCfg = Release|Any CPU
		{DC0359E0-7CC2-42B7-88DE-60C6ACAB0451}.Release|x86.Build.0 = Release|Any CPU
		{F0897969-9701-4EAB-AEFF-5F5291D32014}.Debug|Any CPU.ActiveCfg = Debug|Any CPU
		{F0897969-9701-4EAB-AEFF-5F5291D32014}.Debug|Any CPU.Build.0 = Debug|Any CPU
		{F0897969-9701-4EAB-AEFF-5F5291D32014}.Debug|x64.ActiveCfg = Debug|Any CPU
		{F0897969-9701-4EAB-AEFF-5F5291D32014}.Debug|x64.Build.0 = Debug|Any CPU
		{F0897969-9701-4EAB-AEFF-5F5291D32014}.Debug|x86.ActiveCfg = Debug|Any CPU
		{F0897969-9701-4EAB-AEFF-5F5291D32014}.Debug|x86.Build.0 = Debug|Any CPU
		{F0897969-9701-4EAB-AEFF-5F5291D32014}.Release|Any CPU.ActiveCfg = Release|Any CPU
		{F0897969-9701-4EAB-AEFF-5F5291D32014}.Release|Any CPU.Build.0 = Release|Any CPU
		{F0897969-9701-4EAB-AEFF-5F5291D32014}.Release|x64.ActiveCfg = Release|Any CPU
		{F0897969-9701-4EAB-AEFF-5F5291D32014}.Release|x64.Build.0 = Release|Any CPU
		{F0897969-9701-4EAB-AEFF-5F5291D32014}.Release|x86.ActiveCfg = Release|Any CPU
		{F0897969-9701-4EAB-AEFF-5F5291D32014}.Release|x86.Build.0 = Release|Any CPU
		{ECDBA25E-39B4-4C59-B665-0695F50A51BF}.Debug|Any CPU.ActiveCfg = Debug|Any CPU
		{ECDBA25E-39B4-4C59-B665-0695F50A51BF}.Debug|Any CPU.Build.0 = Debug|Any CPU
		{ECDBA25E-39B4-4C59-B665-0695F50A51BF}.Debug|x64.ActiveCfg = Debug|Any CPU
		{ECDBA25E-39B4-4C59-B665-0695F50A51BF}.Debug|x64.Build.0 = Debug|Any CPU
		{ECDBA25E-39B4-4C59-B665-0695F50A51BF}.Debug|x86.ActiveCfg = Debug|Any CPU
		{ECDBA25E-39B4-4C59-B665-0695F50A51BF}.Debug|x86.Build.0 = Debug|Any CPU
		{ECDBA25E-39B4-4C59-B665-0695F50A51BF}.Release|Any CPU.ActiveCfg = Release|Any CPU
		{ECDBA25E-39B4-4C59-B665-0695F50A51BF}.Release|Any CPU.Build.0 = Release|Any CPU
		{ECDBA25E-39B4-4C59-B665-0695F50A51BF}.Release|x64.ActiveCfg = Release|Any CPU
		{ECDBA25E-39B4-4C59-B665-0695F50A51BF}.Release|x64.Build.0 = Release|Any CPU
		{ECDBA25E-39B4-4C59-B665-0695F50A51BF}.Release|x86.ActiveCfg = Release|Any CPU
		{ECDBA25E-39B4-4C59-B665-0695F50A51BF}.Release|x86.Build.0 = Release|Any CPU
		{8451791C-0654-441A-AF7C-0E0C5B097113}.Debug|Any CPU.ActiveCfg = Debug|Any CPU
		{8451791C-0654-441A-AF7C-0E0C5B097113}.Debug|Any CPU.Build.0 = Debug|Any CPU
		{8451791C-0654-441A-AF7C-0E0C5B097113}.Debug|x64.ActiveCfg = Debug|Any CPU
		{8451791C-0654-441A-AF7C-0E0C5B097113}.Debug|x64.Build.0 = Debug|Any CPU
		{8451791C-0654-441A-AF7C-0E0C5B097113}.Debug|x86.ActiveCfg = Debug|Any CPU
		{8451791C-0654-441A-AF7C-0E0C5B097113}.Debug|x86.Build.0 = Debug|Any CPU
		{8451791C-0654-441A-AF7C-0E0C5B097113}.Release|Any CPU.ActiveCfg = Release|Any CPU
		{8451791C-0654-441A-AF7C-0E0C5B097113}.Release|Any CPU.Build.0 = Release|Any CPU
		{8451791C-0654-441A-AF7C-0E0C5B097113}.Release|x64.ActiveCfg = Release|Any CPU
		{8451791C-0654-441A-AF7C-0E0C5B097113}.Release|x64.Build.0 = Release|Any CPU
		{8451791C-0654-441A-AF7C-0E0C5B097113}.Release|x86.ActiveCfg = Release|Any CPU
		{8451791C-0654-441A-AF7C-0E0C5B097113}.Release|x86.Build.0 = Release|Any CPU
		{0F230F90-C64E-4CAA-8B6D-A27353375D56}.Debug|Any CPU.ActiveCfg = Debug|Any CPU
		{0F230F90-C64E-4CAA-8B6D-A27353375D56}.Debug|Any CPU.Build.0 = Debug|Any CPU
		{0F230F90-C64E-4CAA-8B6D-A27353375D56}.Debug|x64.ActiveCfg = Debug|Any CPU
		{0F230F90-C64E-4CAA-8B6D-A27353375D56}.Debug|x64.Build.0 = Debug|Any CPU
		{0F230F90-C64E-4CAA-8B6D-A27353375D56}.Debug|x86.ActiveCfg = Debug|Any CPU
		{0F230F90-C64E-4CAA-8B6D-A27353375D56}.Debug|x86.Build.0 = Debug|Any CPU
		{0F230F90-C64E-4CAA-8B6D-A27353375D56}.Release|Any CPU.ActiveCfg = Release|Any CPU
		{0F230F90-C64E-4CAA-8B6D-A27353375D56}.Release|Any CPU.Build.0 = Release|Any CPU
		{0F230F90-C64E-4CAA-8B6D-A27353375D56}.Release|x64.ActiveCfg = Release|Any CPU
		{0F230F90-C64E-4CAA-8B6D-A27353375D56}.Release|x64.Build.0 = Release|Any CPU
		{0F230F90-C64E-4CAA-8B6D-A27353375D56}.Release|x86.ActiveCfg = Release|Any CPU
		{0F230F90-C64E-4CAA-8B6D-A27353375D56}.Release|x86.Build.0 = Release|Any CPU
		{6FF28D2B-F6D6-4BC2-8446-53C66065B3EC}.Debug|Any CPU.ActiveCfg = Debug|Any CPU
		{6FF28D2B-F6D6-4BC2-8446-53C66065B3EC}.Debug|Any CPU.Build.0 = Debug|Any CPU
		{6FF28D2B-F6D6-4BC2-8446-53C66065B3EC}.Debug|x64.ActiveCfg = Debug|Any CPU
		{6FF28D2B-F6D6-4BC2-8446-53C66065B3EC}.Debug|x64.Build.0 = Debug|Any CPU
		{6FF28D2B-F6D6-4BC2-8446-53C66065B3EC}.Debug|x86.ActiveCfg = Debug|Any CPU
		{6FF28D2B-F6D6-4BC2-8446-53C66065B3EC}.Debug|x86.Build.0 = Debug|Any CPU
		{6FF28D2B-F6D6-4BC2-8446-53C66065B3EC}.Release|Any CPU.ActiveCfg = Release|Any CPU
		{6FF28D2B-F6D6-4BC2-8446-53C66065B3EC}.Release|Any CPU.Build.0 = Release|Any CPU
		{6FF28D2B-F6D6-4BC2-8446-53C66065B3EC}.Release|x64.ActiveCfg = Release|Any CPU
		{6FF28D2B-F6D6-4BC2-8446-53C66065B3EC}.Release|x64.Build.0 = Release|Any CPU
		{6FF28D2B-F6D6-4BC2-8446-53C66065B3EC}.Release|x86.ActiveCfg = Release|Any CPU
		{6FF28D2B-F6D6-4BC2-8446-53C66065B3EC}.Release|x86.Build.0 = Release|Any CPU
		{0FD6384A-19BD-4CF9-8A14-FA5008734024}.Debug|Any CPU.ActiveCfg = Debug|Any CPU
		{0FD6384A-19BD-4CF9-8A14-FA5008734024}.Debug|Any CPU.Build.0 = Debug|Any CPU
		{0FD6384A-19BD-4CF9-8A14-FA5008734024}.Debug|x64.ActiveCfg = Debug|Any CPU
		{0FD6384A-19BD-4CF9-8A14-FA5008734024}.Debug|x64.Build.0 = Debug|Any CPU
		{0FD6384A-19BD-4CF9-8A14-FA5008734024}.Debug|x86.ActiveCfg = Debug|Any CPU
		{0FD6384A-19BD-4CF9-8A14-FA5008734024}.Debug|x86.Build.0 = Debug|Any CPU
		{0FD6384A-19BD-4CF9-8A14-FA5008734024}.Release|Any CPU.ActiveCfg = Release|Any CPU
		{0FD6384A-19BD-4CF9-8A14-FA5008734024}.Release|Any CPU.Build.0 = Release|Any CPU
		{0FD6384A-19BD-4CF9-8A14-FA5008734024}.Release|x64.ActiveCfg = Release|Any CPU
		{0FD6384A-19BD-4CF9-8A14-FA5008734024}.Release|x64.Build.0 = Release|Any CPU
		{0FD6384A-19BD-4CF9-8A14-FA5008734024}.Release|x86.ActiveCfg = Release|Any CPU
		{0FD6384A-19BD-4CF9-8A14-FA5008734024}.Release|x86.Build.0 = Release|Any CPU
		{37F6EACC-A7BE-48BF-815B-5E6D2EA6E728}.Debug|Any CPU.ActiveCfg = Debug|Any CPU
		{37F6EACC-A7BE-48BF-815B-5E6D2EA6E728}.Debug|Any CPU.Build.0 = Debug|Any CPU
		{37F6EACC-A7BE-48BF-815B-5E6D2EA6E728}.Debug|x64.ActiveCfg = Debug|Any CPU
		{37F6EACC-A7BE-48BF-815B-5E6D2EA6E728}.Debug|x64.Build.0 = Debug|Any CPU
		{37F6EACC-A7BE-48BF-815B-5E6D2EA6E728}.Debug|x86.ActiveCfg = Debug|Any CPU
		{37F6EACC-A7BE-48BF-815B-5E6D2EA6E728}.Debug|x86.Build.0 = Debug|Any CPU
		{37F6EACC-A7BE-48BF-815B-5E6D2EA6E728}.Release|Any CPU.ActiveCfg = Release|Any CPU
		{37F6EACC-A7BE-48BF-815B-5E6D2EA6E728}.Release|Any CPU.Build.0 = Release|Any CPU
		{37F6EACC-A7BE-48BF-815B-5E6D2EA6E728}.Release|x64.ActiveCfg = Release|Any CPU
		{37F6EACC-A7BE-48BF-815B-5E6D2EA6E728}.Release|x64.Build.0 = Release|Any CPU
		{37F6EACC-A7BE-48BF-815B-5E6D2EA6E728}.Release|x86.ActiveCfg = Release|Any CPU
		{37F6EACC-A7BE-48BF-815B-5E6D2EA6E728}.Release|x86.Build.0 = Release|Any CPU
		{41D83E3B-EF7E-41F3-BB1C-CA963F172BB2}.Debug|Any CPU.ActiveCfg = Debug|Any CPU
		{41D83E3B-EF7E-41F3-BB1C-CA963F172BB2}.Debug|Any CPU.Build.0 = Debug|Any CPU
		{41D83E3B-EF7E-41F3-BB1C-CA963F172BB2}.Debug|x64.ActiveCfg = Debug|Any CPU
		{41D83E3B-EF7E-41F3-BB1C-CA963F172BB2}.Debug|x64.Build.0 = Debug|Any CPU
		{41D83E3B-EF7E-41F3-BB1C-CA963F172BB2}.Debug|x86.ActiveCfg = Debug|Any CPU
		{41D83E3B-EF7E-41F3-BB1C-CA963F172BB2}.Debug|x86.Build.0 = Debug|Any CPU
		{41D83E3B-EF7E-41F3-BB1C-CA963F172BB2}.Release|Any CPU.ActiveCfg = Release|Any CPU
		{41D83E3B-EF7E-41F3-BB1C-CA963F172BB2}.Release|Any CPU.Build.0 = Release|Any CPU
		{41D83E3B-EF7E-41F3-BB1C-CA963F172BB2}.Release|x64.ActiveCfg = Release|Any CPU
		{41D83E3B-EF7E-41F3-BB1C-CA963F172BB2}.Release|x64.Build.0 = Release|Any CPU
		{41D83E3B-EF7E-41F3-BB1C-CA963F172BB2}.Release|x86.ActiveCfg = Release|Any CPU
		{41D83E3B-EF7E-41F3-BB1C-CA963F172BB2}.Release|x86.Build.0 = Release|Any CPU
		{48116284-A49D-45FC-AB39-73BCF62E4CC5}.Debug|Any CPU.ActiveCfg = Debug|Any CPU
		{48116284-A49D-45FC-AB39-73BCF62E4CC5}.Debug|Any CPU.Build.0 = Debug|Any CPU
		{48116284-A49D-45FC-AB39-73BCF62E4CC5}.Debug|x64.ActiveCfg = Debug|Any CPU
		{48116284-A49D-45FC-AB39-73BCF62E4CC5}.Debug|x64.Build.0 = Debug|Any CPU
		{48116284-A49D-45FC-AB39-73BCF62E4CC5}.Debug|x86.ActiveCfg = Debug|Any CPU
		{48116284-A49D-45FC-AB39-73BCF62E4CC5}.Debug|x86.Build.0 = Debug|Any CPU
		{48116284-A49D-45FC-AB39-73BCF62E4CC5}.Release|Any CPU.ActiveCfg = Release|Any CPU
		{48116284-A49D-45FC-AB39-73BCF62E4CC5}.Release|Any CPU.Build.0 = Release|Any CPU
		{48116284-A49D-45FC-AB39-73BCF62E4CC5}.Release|x64.ActiveCfg = Release|Any CPU
		{48116284-A49D-45FC-AB39-73BCF62E4CC5}.Release|x64.Build.0 = Release|Any CPU
		{48116284-A49D-45FC-AB39-73BCF62E4CC5}.Release|x86.ActiveCfg = Release|Any CPU
		{48116284-A49D-45FC-AB39-73BCF62E4CC5}.Release|x86.Build.0 = Release|Any CPU
	EndGlobalSection
	GlobalSection(SolutionProperties) = preSolution
		HideSolutionNode = FALSE
	EndGlobalSection
	GlobalSection(NestedProjects) = preSolution
		{ECDBA25E-39B4-4C59-B665-0695F50A51BF} = {8531DA15-1690-4671-8741-89C4953163C6}
		{EBDFED69-A812-46BC-80E8-5D7DCFED71FE} = {420D4858-5F4C-45FE-BD17-818FDB1E94ED}
		{C93A091D-58DB-4896-A9DA-1016011A6494} = {420D4858-5F4C-45FE-BD17-818FDB1E94ED}
		{ED23F221-EFE6-4538-BEA2-A6A4F806FDDF} = {420D4858-5F4C-45FE-BD17-818FDB1E94ED}
		{0F230F90-C64E-4CAA-8B6D-A27353375D56} = {8531DA15-1690-4671-8741-89C4953163C6}
	EndGlobalSection
	GlobalSection(ExtensibilityGlobals) = postSolution
		SolutionGuid = {47D6A0E3-05A6-4BB7-81D1-A90CE758E430}
	EndGlobalSection
EndGlobal
