
Microsoft Visual Studio Solution File, Format Version 12.00
# Visual Studio Version 16
VisualStudioVersion = 16.0.30320.27
MinimumVisualStudioVersion = 15.0.26124.0
Project("{2150E333-8FDC-42A3-9474-1A3956D46DE8}") = "_project", "_project", "{625E3CAC-600B-450D-BF54-E3059450591A}"
	ProjectSection(SolutionItems) = preProject
		build.fsx = build.fsx
		.config\dotnet-tools.json = .config\dotnet-tools.json
		fake.cmd = fake.cmd
		fake.sh = fake.sh
		global.json = global.json
		dev\Properties\launchSettings.json = dev\Properties\launchSettings.json
		README.md = README.md
		RELEASE_NOTES.md = RELEASE_NOTES.md
	EndProjectSection
EndProject
Project("{6EC3EE1D-3C4E-46DD-8F32-0CC8E7565705}") = "Dash.NET", "src\Dash.NET\Dash.NET.fsproj", "{DC0359E0-7CC2-42B7-88DE-60C6ACAB0451}"
EndProject
Project("{6EC3EE1D-3C4E-46DD-8F32-0CC8E7565705}") = "Dash.NET.Dev", "dev\Dash.NET.Dev.fsproj", "{F0897969-9701-4EAB-AEFF-5F5291D32014}"
EndProject
Global
	GlobalSection(SolutionConfigurationPlatforms) = preSolution
		Debug|Any CPU = Debug|Any CPU
		Debug|x64 = Debug|x64
		Debug|x86 = Debug|x86
		Release|Any CPU = Release|Any CPU
		Release|x64 = Release|x64
		Release|x86 = Release|x86
	EndGlobalSection
	GlobalSection(ProjectConfigurationPlatforms) = postSolution
		{DC0359E0-7CC2-42B7-88DE-60C6ACAB0451}.Debug|Any CPU.ActiveCfg = Debug|Any CPU
		{DC0359E0-7CC2-42B7-88DE-60C6ACAB0451}.Debug|Any CPU.Build.0 = Debug|Any CPU
		{DC0359E0-7CC2-42B7-88DE-60C6ACAB0451}.Debug|x64.ActiveCfg = Debug|Any CPU
		{DC0359E0-7CC2-42B7-88DE-60C6ACAB0451}.Debug|x64.Build.0 = Debug|Any CPU
		{DC0359E0-7CC2-42B7-88DE-60C6ACAB0451}.Debug|x86.ActiveCfg = Debug|Any CPU
		{DC0359E0-7CC2-42B7-88DE-60C6ACAB0451}.Debug|x86.Build.0 = Debug|Any CPU
		{DC0359E0-7CC2-42B7-88DE-60C6ACAB0451}.Release|Any CPU.ActiveCfg = Release|Any CPU
		{DC0359E0-7CC2-42B7-88DE-60C6ACAB0451}.Release|Any CPU.Build.0 = Release|Any CPU
		{DC0359E0-7CC2-42B7-88DE-60C6ACAB0451}.Release|x64.ActiveCfg = Release|Any CPU
		{DC0359E0-7CC2-42B7-88DE-60C6ACAB0451}.Release|x64.Build.0 = Release|Any CPU
		{DC0359E0-7CC2-42B7-88DE-60C6ACAB0451}.Release|x86.ActiveCfg = Release|Any CPU
		{DC0359E0-7CC2-42B7-88DE-60C6ACAB0451}.Release|x86.Build.0 = Release|Any CPU
		{F0897969-9701-4EAB-AEFF-5F5291D32014}.Debug|Any CPU.ActiveCfg = Debug|Any CPU
		{F0897969-9701-4EAB-AEFF-5F5291D32014}.Debug|Any CPU.Build.0 = Debug|Any CPU
		{F0897969-9701-4EAB-AEFF-5F5291D32014}.Debug|x64.ActiveCfg = Debug|Any CPU
		{F0897969-9701-4EAB-AEFF-5F5291D32014}.Debug|x64.Build.0 = Debug|Any CPU
		{F0897969-9701-4EAB-AEFF-5F5291D32014}.Debug|x86.ActiveCfg = Debug|Any CPU
		{F0897969-9701-4EAB-AEFF-5F5291D32014}.Debug|x86.Build.0 = Debug|Any CPU
		{F0897969-9701-4EAB-AEFF-5F5291D32014}.Release|Any CPU.ActiveCfg = Release|Any CPU
		{F0897969-9701-4EAB-AEFF-5F5291D32014}.Release|Any CPU.Build.0 = Release|Any CPU
		{F0897969-9701-4EAB-AEFF-5F5291D32014}.Release|x64.ActiveCfg = Release|Any CPU
		{F0897969-9701-4EAB-AEFF-5F5291D32014}.Release|x64.Build.0 = Release|Any CPU
		{F0897969-9701-4EAB-AEFF-5F5291D32014}.Release|x86.ActiveCfg = Release|Any CPU
		{F0897969-9701-4EAB-AEFF-5F5291D32014}.Release|x86.Build.0 = Release|Any CPU
	EndGlobalSection
	GlobalSection(SolutionProperties) = preSolution
		HideSolutionNode = FALSE
	EndGlobalSection
	GlobalSection(ExtensibilityGlobals) = postSolution
		SolutionGuid = {47D6A0E3-05A6-4BB7-81D1-A90CE758E430}
	EndGlobalSection
EndGlobal
